
Microsoft Visual Studio Solution File, Format Version 12.00
# Visual Studio 15
VisualStudioVersion = 15.0.27004.2006
MinimumVisualStudioVersion = 10.0.40219.1
Project("{2150E333-8FDC-42A3-9474-1A3956D46DE8}") = "Root", "Root", "{3A4BEA05-1B54-4850-B70D-DE6ADAF21438}"
EndProject
Project("{2150E333-8FDC-42A3-9474-1A3956D46DE8}") = "Operations", "Operations", "{05B980A6-F2D8-4BAF-BDF5-82FA67CF5B80}"
EndProject
Project("{2150E333-8FDC-42A3-9474-1A3956D46DE8}") = "Commands", "Commands", "{7A0C724C-CF43-4470-9CB9-02F9940C3652}"
EndProject
Project("{2150E333-8FDC-42A3-9474-1A3956D46DE8}") = "Demos", "Demos", "{6A8DF5C7-B669-4C09-9AEB-2EB01B82538C}"
EndProject
Project("{2150E333-8FDC-42A3-9474-1A3956D46DE8}") = "Tests", "Tests", "{2FFA54FD-E738-4F12-9B41-C83784632BB4}"
EndProject
Project("{9A19103F-16F7-4668-BE54-9A1E7A4F7556}") = "ObscureWare.Console.Root.Interfaces", "Core\ObscureWare.Console.Root.Interfaces\ObscureWare.Console.Root.Interfaces.csproj", "{51581016-D53B-4169-890B-92E6751F138F}"
EndProject
Project("{FAE04EC0-301F-11D3-BF4B-00C04F79EFBC}") = "ObscureWare.Console.Root.Framework", "Core\ObscureWare.Console.Root.Framework\ObscureWare.Console.Root.Framework.csproj", "{AAFF5245-D9B6-4AB5-B67F-68B38A578D82}"
EndProject
Project("{2150E333-8FDC-42A3-9474-1A3956D46DE8}") = "Common", "Common", "{A0D9A806-4C64-4B01-A22A-F7B994699869}"
EndProject
Project("{9A19103F-16F7-4668-BE54-9A1E7A4F7556}") = "ObscureWare.Console.Shared", "Common\ObscureWare.Console.Shared\ObscureWare.Console.Shared.csproj", "{3F6C7A65-7F28-41B8-A451-6448A86CED47}"
EndProject
Project("{9A19103F-16F7-4668-BE54-9A1E7A4F7556}") = "ObscureWare.Console.Operations.Interfaces", "Operations\ObscureWare.Console.Operations.Interfaces\ObscureWare.Console.Operations.Interfaces.csproj", "{EBF3D264-6875-49EF-9218-9CEB9BB7AD0E}"
EndProject
Project("{9A19103F-16F7-4668-BE54-9A1E7A4F7556}") = "ObscureWare.Console.Operations.Implementation", "Operations\ObscureWare.Console.Operations.Implementation\ObscureWare.Console.Operations.Implementation.csproj", "{24DEAFB5-866B-43B9-B802-7A60F1A3AEA4}"
EndProject
Project("{9A19103F-16F7-4668-BE54-9A1E7A4F7556}") = "ObscureWare.Tests.Common", "Tests\ObscureWare.Tests.Common\ObscureWare.Tests.Common.csproj", "{D1F3AAC6-D88C-4506-A718-A31E2A4DDCF7}"
EndProject
Project("{FAE04EC0-301F-11D3-BF4B-00C04F79EFBC}") = "ObscureWare.Console.Operations.Tests", "Tests\ObscureWare.Console.Operations.Tests\ObscureWare.Console.Operations.Tests.csproj", "{3868219F-8867-4F7A-8B35-4001FD74C0AC}"
EndProject
Project("{9A19103F-16F7-4668-BE54-9A1E7A4F7556}") = "ObscureWare.Console.Commands.Interfaces", "Commands\ObscureWare.Console.Commands.Interfaces\ObscureWare.Console.Commands.Interfaces.csproj", "{FF5E4D7B-2A4E-4D5B-AC5E-47DA8BB825EB}"
EndProject
Project("{9A19103F-16F7-4668-BE54-9A1E7A4F7556}") = "ObscureWare.Console.Commands.Engine", "Commands\ObscureWare.Console.Commands.Engine\ObscureWare.Console.Commands.Engine.csproj", "{842FE372-5953-415B-90AA-F9B5F2BE20CE}"
EndProject
Project("{FAE04EC0-301F-11D3-BF4B-00C04F79EFBC}") = "ObscureWare.Console.Commands.Demo", "Demos\ObscureWare.Console.Commands.Demo\ObscureWare.Console.Commands.Demo.csproj", "{CFB16C5C-EE36-4ACE-9513-0AD18DFF9D00}"
EndProject
Project("{2150E333-8FDC-42A3-9474-1A3956D46DE8}") = "Packages", "Packages", "{DE19A5FA-318C-42F6-83B6-85109167A35B}"
EndProject
Project("{FAE04EC0-301F-11D3-BF4B-00C04F79EFBC}") = "ObscureWare.Console.Root.Demo", "Demos\ObscureWare.Console.Root.Demo\ObscureWare.Console.Root.Demo.csproj", "{024CAC06-E16A-429C-A6D8-763A525E8599}"
EndProject
Project("{FAE04EC0-301F-11D3-BF4B-00C04F79EFBC}") = "ObscureWare.Console.Operations.Demo", "Demos\ObscureWare.Console.Operations.Demo\ObscureWare.Console.Operations.Demo.csproj", "{C5EF06B9-AAF6-482C-BF9F-907EF3A93906}"
EndProject
Project("{FAE04EC0-301F-11D3-BF4B-00C04F79EFBC}") = "ObscureWare.Console.Root.Tests", "Tests\ObscureWare.Console.Root.Tests\ObscureWare.Console.Root.Tests.csproj", "{611CE5A2-AD81-4419-BE96-701E37A5B688}"
EndProject
Project("{FAE04EC0-301F-11D3-BF4B-00C04F79EFBC}") = "ObscureWare.Console.Commands.Tests", "Tests\ObscureWare.Console.Commands.Tests\ObscureWare.Console.Commands.Tests.csproj", "{86B545E8-812E-4D12-9E86-9C162C5EEBCD}"
EndProject
Global
	GlobalSection(SolutionConfigurationPlatforms) = preSolution
		Debug|Any CPU = Debug|Any CPU
		Release|Any CPU = Release|Any CPU
	EndGlobalSection
	GlobalSection(ProjectConfigurationPlatforms) = postSolution
		{51581016-D53B-4169-890B-92E6751F138F}.Debug|Any CPU.ActiveCfg = Debug|Any CPU
		{51581016-D53B-4169-890B-92E6751F138F}.Debug|Any CPU.Build.0 = Debug|Any CPU
		{51581016-D53B-4169-890B-92E6751F138F}.Release|Any CPU.ActiveCfg = Release|Any CPU
		{51581016-D53B-4169-890B-92E6751F138F}.Release|Any CPU.Build.0 = Release|Any CPU
		{AAFF5245-D9B6-4AB5-B67F-68B38A578D82}.Debug|Any CPU.ActiveCfg = Debug|Any CPU
		{AAFF5245-D9B6-4AB5-B67F-68B38A578D82}.Debug|Any CPU.Build.0 = Debug|Any CPU
		{AAFF5245-D9B6-4AB5-B67F-68B38A578D82}.Release|Any CPU.ActiveCfg = Release|Any CPU
		{AAFF5245-D9B6-4AB5-B67F-68B38A578D82}.Release|Any CPU.Build.0 = Release|Any CPU
		{3F6C7A65-7F28-41B8-A451-6448A86CED47}.Debug|Any CPU.ActiveCfg = Debug|Any CPU
		{3F6C7A65-7F28-41B8-A451-6448A86CED47}.Debug|Any CPU.Build.0 = Debug|Any CPU
		{3F6C7A65-7F28-41B8-A451-6448A86CED47}.Release|Any CPU.ActiveCfg = Release|Any CPU
		{3F6C7A65-7F28-41B8-A451-6448A86CED47}.Release|Any CPU.Build.0 = Release|Any CPU
		{EBF3D264-6875-49EF-9218-9CEB9BB7AD0E}.Debug|Any CPU.ActiveCfg = Debug|Any CPU
		{EBF3D264-6875-49EF-9218-9CEB9BB7AD0E}.Debug|Any CPU.Build.0 = Debug|Any CPU
		{EBF3D264-6875-49EF-9218-9CEB9BB7AD0E}.Release|Any CPU.ActiveCfg = Release|Any CPU
		{EBF3D264-6875-49EF-9218-9CEB9BB7AD0E}.Release|Any CPU.Build.0 = Release|Any CPU
		{24DEAFB5-866B-43B9-B802-7A60F1A3AEA4}.Debug|Any CPU.ActiveCfg = Debug|Any CPU
		{24DEAFB5-866B-43B9-B802-7A60F1A3AEA4}.Debug|Any CPU.Build.0 = Debug|Any CPU
		{24DEAFB5-866B-43B9-B802-7A60F1A3AEA4}.Release|Any CPU.ActiveCfg = Release|Any CPU
		{24DEAFB5-866B-43B9-B802-7A60F1A3AEA4}.Release|Any CPU.Build.0 = Release|Any CPU
		{D1F3AAC6-D88C-4506-A718-A31E2A4DDCF7}.Debug|Any CPU.ActiveCfg = Debug|Any CPU
		{D1F3AAC6-D88C-4506-A718-A31E2A4DDCF7}.Debug|Any CPU.Build.0 = Debug|Any CPU
		{D1F3AAC6-D88C-4506-A718-A31E2A4DDCF7}.Release|Any CPU.ActiveCfg = Release|Any CPU
		{D1F3AAC6-D88C-4506-A718-A31E2A4DDCF7}.Release|Any CPU.Build.0 = Release|Any CPU
		{3868219F-8867-4F7A-8B35-4001FD74C0AC}.Debug|Any CPU.ActiveCfg = Debug|Any CPU
		{3868219F-8867-4F7A-8B35-4001FD74C0AC}.Debug|Any CPU.Build.0 = Debug|Any CPU
		{3868219F-8867-4F7A-8B35-4001FD74C0AC}.Release|Any CPU.ActiveCfg = Release|Any CPU
		{3868219F-8867-4F7A-8B35-4001FD74C0AC}.Release|Any CPU.Build.0 = Release|Any CPU
		{FF5E4D7B-2A4E-4D5B-AC5E-47DA8BB825EB}.Debug|Any CPU.ActiveCfg = Debug|Any CPU
		{FF5E4D7B-2A4E-4D5B-AC5E-47DA8BB825EB}.Debug|Any CPU.Build.0 = Debug|Any CPU
		{FF5E4D7B-2A4E-4D5B-AC5E-47DA8BB825EB}.Release|Any CPU.ActiveCfg = Release|Any CPU
		{FF5E4D7B-2A4E-4D5B-AC5E-47DA8BB825EB}.Release|Any CPU.Build.0 = Release|Any CPU
		{842FE372-5953-415B-90AA-F9B5F2BE20CE}.Debug|Any CPU.ActiveCfg = Debug|Any CPU
		{842FE372-5953-415B-90AA-F9B5F2BE20CE}.Debug|Any CPU.Build.0 = Debug|Any CPU
		{842FE372-5953-415B-90AA-F9B5F2BE20CE}.Release|Any CPU.ActiveCfg = Release|Any CPU
		{842FE372-5953-415B-90AA-F9B5F2BE20CE}.Release|Any CPU.Build.0 = Release|Any CPU
		{CFB16C5C-EE36-4ACE-9513-0AD18DFF9D00}.Debug|Any CPU.ActiveCfg = Debug|Any CPU
		{CFB16C5C-EE36-4ACE-9513-0AD18DFF9D00}.Debug|Any CPU.Build.0 = Debug|Any CPU
		{CFB16C5C-EE36-4ACE-9513-0AD18DFF9D00}.Release|Any CPU.ActiveCfg = Release|Any CPU
		{CFB16C5C-EE36-4ACE-9513-0AD18DFF9D00}.Release|Any CPU.Build.0 = Release|Any CPU
		{024CAC06-E16A-429C-A6D8-763A525E8599}.Debug|Any CPU.ActiveCfg = Debug|Any CPU
		{024CAC06-E16A-429C-A6D8-763A525E8599}.Debug|Any CPU.Build.0 = Debug|Any CPU
		{024CAC06-E16A-429C-A6D8-763A525E8599}.Release|Any CPU.ActiveCfg = Release|Any CPU
		{024CAC06-E16A-429C-A6D8-763A525E8599}.Release|Any CPU.Build.0 = Release|Any CPU
		{C5EF06B9-AAF6-482C-BF9F-907EF3A93906}.Debug|Any CPU.ActiveCfg = Debug|Any CPU
		{C5EF06B9-AAF6-482C-BF9F-907EF3A93906}.Debug|Any CPU.Build.0 = Debug|Any CPU
		{C5EF06B9-AAF6-482C-BF9F-907EF3A93906}.Release|Any CPU.ActiveCfg = Release|Any CPU
		{C5EF06B9-AAF6-482C-BF9F-907EF3A93906}.Release|Any CPU.Build.0 = Release|Any CPU
		{611CE5A2-AD81-4419-BE96-701E37A5B688}.Debug|Any CPU.ActiveCfg = Debug|Any CPU
		{611CE5A2-AD81-4419-BE96-701E37A5B688}.Debug|Any CPU.Build.0 = Debug|Any CPU
		{611CE5A2-AD81-4419-BE96-701E37A5B688}.Release|Any CPU.ActiveCfg = Release|Any CPU
		{611CE5A2-AD81-4419-BE96-701E37A5B688}.Release|Any CPU.Build.0 = Release|Any CPU
		{86B545E8-812E-4D12-9E86-9C162C5EEBCD}.Debug|Any CPU.ActiveCfg = Debug|Any CPU
		{86B545E8-812E-4D12-9E86-9C162C5EEBCD}.Debug|Any CPU.Build.0 = Debug|Any CPU
		{86B545E8-812E-4D12-9E86-9C162C5EEBCD}.Release|Any CPU.ActiveCfg = Release|Any CPU
		{86B545E8-812E-4D12-9E86-9C162C5EEBCD}.Release|Any CPU.Build.0 = Release|Any CPU
	EndGlobalSection
	GlobalSection(SolutionProperties) = preSolution
		HideSolutionNode = FALSE
	EndGlobalSection
	GlobalSection(NestedProjects) = preSolution
		{51581016-D53B-4169-890B-92E6751F138F} = {3A4BEA05-1B54-4850-B70D-DE6ADAF21438}
		{AAFF5245-D9B6-4AB5-B67F-68B38A578D82} = {3A4BEA05-1B54-4850-B70D-DE6ADAF21438}
		{3F6C7A65-7F28-41B8-A451-6448A86CED47} = {A0D9A806-4C64-4B01-A22A-F7B994699869}
		{EBF3D264-6875-49EF-9218-9CEB9BB7AD0E} = {05B980A6-F2D8-4BAF-BDF5-82FA67CF5B80}
		{24DEAFB5-866B-43B9-B802-7A60F1A3AEA4} = {05B980A6-F2D8-4BAF-BDF5-82FA67CF5B80}
		{D1F3AAC6-D88C-4506-A718-A31E2A4DDCF7} = {2FFA54FD-E738-4F12-9B41-C83784632BB4}
		{3868219F-8867-4F7A-8B35-4001FD74C0AC} = {2FFA54FD-E738-4F12-9B41-C83784632BB4}
		{FF5E4D7B-2A4E-4D5B-AC5E-47DA8BB825EB} = {7A0C724C-CF43-4470-9CB9-02F9940C3652}
		{842FE372-5953-415B-90AA-F9B5F2BE20CE} = {7A0C724C-CF43-4470-9CB9-02F9940C3652}
		{CFB16C5C-EE36-4ACE-9513-0AD18DFF9D00} = {6A8DF5C7-B669-4C09-9AEB-2EB01B82538C}
		{024CAC06-E16A-429C-A6D8-763A525E8599} = {6A8DF5C7-B669-4C09-9AEB-2EB01B82538C}
		{C5EF06B9-AAF6-482C-BF9F-907EF3A93906} = {6A8DF5C7-B669-4C09-9AEB-2EB01B82538C}
		{611CE5A2-AD81-4419-BE96-701E37A5B688} = {2FFA54FD-E738-4F12-9B41-C83784632BB4}
		{86B545E8-812E-4D12-9E86-9C162C5EEBCD} = {2FFA54FD-E738-4F12-9B41-C83784632BB4}
	EndGlobalSection
	GlobalSection(ExtensibilityGlobals) = postSolution
		SolutionGuid = {A27BF5FD-4504-4BFD-8AE6-159AF8EB23E2}
	EndGlobalSection
EndGlobal
